
Microsoft Visual Studio Solution File, Format Version 12.00
# Visual Studio Version 16
VisualStudioVersion = 16.0.29613.14
MinimumVisualStudioVersion = 10.0.40219.1
Project("{FAE04EC0-301F-11D3-BF4B-00C04F79EFBC}") = "KomoriCIP3Mapper", "KomoriCIP3Mapper.csproj", "{DE601452-5071-49ED-ABA2-2ED9E30684FF}"
EndProject
Global
	GlobalSection(SolutionConfigurationPlatforms) = preSolution
		Debug|Any CPU = Debug|Any CPU
		Release|Any CPU = Release|Any CPU
	EndGlobalSection
	GlobalSection(ProjectConfigurationPlatforms) = postSolution
		{DE601452-5071-49ED-ABA2-2ED9E30684FF}.Debug|Any CPU.ActiveCfg = Debug|Any CPU
		{DE601452-5071-49ED-ABA2-2ED9E30684FF}.Debug|Any CPU.Build.0 = Debug|Any CPU
		{DE601452-5071-49ED-ABA2-2ED9E30684FF}.Release|Any CPU.ActiveCfg = Release|Any CPU
		{DE601452-5071-49ED-ABA2-2ED9E30684FF}.Release|Any CPU.Build.0 = Release|Any CPU
	EndGlobalSection
	GlobalSection(SolutionProperties) = preSolution
		HideSolutionNode = FALSE
	EndGlobalSection
	GlobalSection(ExtensibilityGlobals) = postSolution
		SolutionGuid = {AF382E9A-2E6E-4467-8875-F579AF26B815}
	EndGlobalSection
EndGlobal
